
Microsoft Visual Studio Solution File, Format Version 12.00
# Visual Studio Version 16
VisualStudioVersion = 16.0.31624.102
MinimumVisualStudioVersion = 10.0.40219.1
Project("{FAE04EC0-301F-11D3-BF4B-00C04F79EFBC}") = "Scope3", "Scope3\Scope3.csproj", "{EFD26D25-E178-4275-9A37-047CF8FAC78C}"
EndProject
Global
	GlobalSection(SolutionConfigurationPlatforms) = preSolution
		Debug|Any CPU = Debug|Any CPU
		Release|Any CPU = Release|Any CPU
	EndGlobalSection
	GlobalSection(ProjectConfigurationPlatforms) = postSolution
		{EFD26D25-E178-4275-9A37-047CF8FAC78C}.Debug|Any CPU.ActiveCfg = Debug|Any CPU
		{EFD26D25-E178-4275-9A37-047CF8FAC78C}.Debug|Any CPU.Build.0 = Debug|Any CPU
		{EFD26D25-E178-4275-9A37-047CF8FAC78C}.Release|Any CPU.ActiveCfg = Release|Any CPU
		{EFD26D25-E178-4275-9A37-047CF8FAC78C}.Release|Any CPU.Build.0 = Release|Any CPU
	EndGlobalSection
	GlobalSection(SolutionProperties) = preSolution
		HideSolutionNode = FALSE
	EndGlobalSection
	GlobalSection(ExtensibilityGlobals) = postSolution
		SolutionGuid = {490BD303-325E-48E2-BBA2-42CEB257B359}
	EndGlobalSection
EndGlobal
