
Microsoft Visual Studio Solution File, Format Version 12.00
# Visual Studio Version 16
VisualStudioVersion = 16.0.31624.102
MinimumVisualStudioVersion = 10.0.40219.1
Project("{FAE04EC0-301F-11D3-BF4B-00C04F79EFBC}") = "Ilkel", "Ilkel\Ilkel.csproj", "{63588D02-6BF2-4B6E-AFA5-3DE32DD81FB3}"
EndProject
Global
	GlobalSection(SolutionConfigurationPlatforms) = preSolution
		Debug|Any CPU = Debug|Any CPU
		Release|Any CPU = Release|Any CPU
	EndGlobalSection
	GlobalSection(ProjectConfigurationPlatforms) = postSolution
		{63588D02-6BF2-4B6E-AFA5-3DE32DD81FB3}.Debug|Any CPU.ActiveCfg = Debug|Any CPU
		{63588D02-6BF2-4B6E-AFA5-3DE32DD81FB3}.Debug|Any CPU.Build.0 = Debug|Any CPU
		{63588D02-6BF2-4B6E-AFA5-3DE32DD81FB3}.Release|Any CPU.ActiveCfg = Release|Any CPU
		{63588D02-6BF2-4B6E-AFA5-3DE32DD81FB3}.Release|Any CPU.Build.0 = Release|Any CPU
	EndGlobalSection
	GlobalSection(SolutionProperties) = preSolution
		HideSolutionNode = FALSE
	EndGlobalSection
	GlobalSection(ExtensibilityGlobals) = postSolution
		SolutionGuid = {E82FDC2C-80DC-4721-87B4-6AD04C3B7530}
	EndGlobalSection
EndGlobal
