
Microsoft Visual Studio Solution File, Format Version 12.00
# Visual Studio Version 16
VisualStudioVersion = 16.0.31624.102
MinimumVisualStudioVersion = 10.0.40219.1
Project("{FAE04EC0-301F-11D3-BF4B-00C04F79EFBC}") = "KacParamVar", "KacParamVar\KacParamVar.csproj", "{A6D19BE8-F2CD-4E0A-91A2-04AFEA07545E}"
EndProject
Global
	GlobalSection(SolutionConfigurationPlatforms) = preSolution
		Debug|Any CPU = Debug|Any CPU
		Release|Any CPU = Release|Any CPU
	EndGlobalSection
	GlobalSection(ProjectConfigurationPlatforms) = postSolution
		{A6D19BE8-F2CD-4E0A-91A2-04AFEA07545E}.Debug|Any CPU.ActiveCfg = Debug|Any CPU
		{A6D19BE8-F2CD-4E0A-91A2-04AFEA07545E}.Debug|Any CPU.Build.0 = Debug|Any CPU
		{A6D19BE8-F2CD-4E0A-91A2-04AFEA07545E}.Release|Any CPU.ActiveCfg = Release|Any CPU
		{A6D19BE8-F2CD-4E0A-91A2-04AFEA07545E}.Release|Any CPU.Build.0 = Release|Any CPU
	EndGlobalSection
	GlobalSection(SolutionProperties) = preSolution
		HideSolutionNode = FALSE
	EndGlobalSection
	GlobalSection(ExtensibilityGlobals) = postSolution
		SolutionGuid = {3A00A1A4-1246-4D0A-873F-8C40658EA74B}
	EndGlobalSection
EndGlobal
